
Microsoft Visual Studio Solution File, Format Version 12.00
# Visual Studio Version 16
VisualStudioVersion = 16.0.31205.134
MinimumVisualStudioVersion = 10.0.40219.1
Project("{FAE04EC0-301F-11D3-BF4B-00C04F79EFBC}") = "Dura Flow System", "Dura Flow System.csproj", "{80FE4846-2A7A-4038-9121-F32EC56322E2}"
EndProject
Project("{2150E333-8FDC-42A3-9474-1A3956D46DE8}") = "Solution Items", "Solution Items", "{52F10C6E-85F4-438E-B970-BC8526BEF625}"
EndProject
Global
	GlobalSection(SolutionConfigurationPlatforms) = preSolution
		Debug|Any CPU = Debug|Any CPU
		Release|Any CPU = Release|Any CPU
	EndGlobalSection
	GlobalSection(ProjectConfigurationPlatforms) = postSolution
		{80FE4846-2A7A-4038-9121-F32EC56322E2}.Debug|Any CPU.ActiveCfg = Debug|Any CPU
		{80FE4846-2A7A-4038-9121-F32EC56322E2}.Debug|Any CPU.Build.0 = Debug|Any CPU
		{80FE4846-2A7A-4038-9121-F32EC56322E2}.Release|Any CPU.ActiveCfg = Release|Any CPU
		{80FE4846-2A7A-4038-9121-F32EC56322E2}.Release|Any CPU.Build.0 = Release|Any CPU
	EndGlobalSection
	GlobalSection(SolutionProperties) = preSolution
		HideSolutionNode = FALSE
	EndGlobalSection
	GlobalSection(ExtensibilityGlobals) = postSolution
		SolutionGuid = {4E5A76C0-2B33-4136-8BDB-31E28451A0CC}
	EndGlobalSection
EndGlobal
